{
  "name": "gjs-polyfills",
  "version": "1.0.0",
  "lockfileVersion": 3,
  "requires": true,
  "packages": {
    "": {
      "name": "gjs-polyfills",
      "version": "1.0.0",
      "license": "ISC",
      "dependencies": {
        "@girs/gio-2.0": "^2.76.1-3.0.4",
        "@girs/gjs": "^3.0.4",
        "@girs/glib-2.0": "^2.76.1-3.0.4",
        "@girs/soup-3.0": "^3.4.2-3.0.4",
        "event-target-polyfill": "^0.0.3",
        "headers-polyfill": "^3.1.2",
        "web-streams-polyfill": "^3.2.1"
      }
    },
    "node_modules/@girs/gio-2.0": {
      "version": "2.76.1-3.0.4",
      "resolved": "https://registry.npmjs.org/@girs/gio-2.0/-/gio-2.0-2.76.1-3.0.4.tgz",
      "integrity": "sha512-F6uZ223ym0wBUIgCAdFabmOi5Gz3qJvrvi2IMYIYx4ZQf892oT1GCnFsLjIJqW+uOc1Aa3AZiqN0KE5orrESGw==",
      "dependencies": {
        "@girs/gjs": "^3.0.4",
        "@girs/glib-2.0": "^2.76.1-3.0.4",
        "@girs/gobject-2.0": "^2.76.1-3.0.4"
      }
    },
    "node_modules/@girs/gjs": {
      "version": "3.0.4",
      "resolved": "https://registry.npmjs.org/@girs/gjs/-/gjs-3.0.4.tgz",
      "integrity": "sha512-VPxuy9D7FAFi0cIYvTzuCjcOI3KME2lEv5Cw2UPmyxu7QD463pXGZfsgzcsrmueAkcGppdukOt4W9RN7TbV6Zg==",
      "dependencies": {
        "@girs/glib-2.0": "^2.76.1-3.0.4",
        "@girs/gobject-2.0": "^2.76.1-3.0.4"
      }
    },
    "node_modules/@girs/glib-2.0": {
      "version": "2.76.1-3.0.4",
      "resolved": "https://registry.npmjs.org/@girs/glib-2.0/-/glib-2.0-2.76.1-3.0.4.tgz",
      "integrity": "sha512-j7DPmo4tqDVgfOWR4IX3yIo8/9EVnyKNYLzh3ebej1/FUFQNgGdG+qPr6ZHu5AioG/z6UqT5nhDGWXPhAGSIbA==",
      "dependencies": {
        "@girs/gjs": "^3.0.4",
        "@girs/gobject-2.0": "^2.76.1-3.0.4"
      }
    },
    "node_modules/@girs/gobject-2.0": {
      "version": "2.76.1-3.0.4",
      "resolved": "https://registry.npmjs.org/@girs/gobject-2.0/-/gobject-2.0-2.76.1-3.0.4.tgz",
      "integrity": "sha512-Kk7r+lMkl+1Kw/5I9ys9cKPeOs3LbvQaNHlPZ7aeQr9UG/e2B9cHcxNlLhleC8gVKapVybotQGQMrTtsJWn78A==",
      "dependencies": {
        "@girs/gjs": "^3.0.4",
        "@girs/glib-2.0": "^2.76.1-3.0.4"
      }
    },
    "node_modules/@girs/soup-3.0": {
      "version": "3.4.2-3.0.4",
      "resolved": "https://registry.npmjs.org/@girs/soup-3.0/-/soup-3.0-3.4.2-3.0.4.tgz",
      "integrity": "sha512-wWOWhtf3bwt3257XDdQui69rUmfqpZcX+vFTTG/ZYdT7Yz/dfoT8StmxUZqH6oYglOhia7KBIr4hXZqaC9kzGA==",
      "dependencies": {
        "@girs/gio-2.0": "^2.76.1-3.0.4",
        "@girs/gjs": "^3.0.4",
        "@girs/glib-2.0": "^2.76.1-3.0.4",
        "@girs/gobject-2.0": "^2.76.1-3.0.4"
      }
    },
    "node_modules/event-target-polyfill": {
      "version": "0.0.3",
      "resolved": "https://registry.npmjs.org/event-target-polyfill/-/event-target-polyfill-0.0.3.tgz",
      "integrity": "sha512-ZMc6UuvmbinrCk4RzGyVmRyIsAyxMRlp4CqSrcQRO8Dy0A9ldbiRy5kdtBj4OtP7EClGdqGfIqo9JmOClMsGLQ=="
    },
    "node_modules/headers-polyfill": {
      "version": "3.1.2",
      "resolved": "https://registry.npmjs.org/headers-polyfill/-/headers-polyfill-3.1.2.tgz",
      "integrity": "sha512-tWCK4biJ6hcLqTviLXVR9DTRfYGQMXEIUj3gwJ2rZ5wO/at3XtkI4g8mCvFdUF9l1KMBNCfmNAdnahm1cgavQA=="
    },
    "node_modules/web-streams-polyfill": {
      "version": "3.2.1",
      "resolved": "https://registry.npmjs.org/web-streams-polyfill/-/web-streams-polyfill-3.2.1.tgz",
      "integrity": "sha512-e0MO3wdXWKrLbL0DgGnUV7WHVuw9OUvL4hjgnPkIeEvESk74gAITi5G606JtZPp39cd8HA9VQzCIvA49LpPN5Q==",
      "engines": {
        "node": ">= 8"
      }
    }
  }
}
